
Microsoft Visual Studio Solution File, Format Version 12.00
# Visual Studio Version 17
VisualStudioVersion = 17.0.31903.59
MinimumVisualStudioVersion = 10.0.40219.1
Project("{2150E333-8FDC-42A3-9474-1A3956D46DE8}") = "src", "src", "{827E0CD3-B72D-47B6-A68D-7590B98EB39B}"
EndProject
Project("{FAE04EC0-301F-11D3-BF4B-00C04F79EFBC}") = "FinanceManager.Api", "src\FinanceManager.Api\FinanceManager.Api.csproj", "{4CD24056-E98D-4399-B8F9-A143871B5A28}"
EndProject
Project("{FAE04EC0-301F-11D3-BF4B-00C04F79EFBC}") = "FinanceManager.Application", "src\FinanceManager.Application\FinanceManager.Application.csproj", "{1DF5AD9D-D86C-4BCE-8EC1-32B987B9080B}"
EndProject
Project("{FAE04EC0-301F-11D3-BF4B-00C04F79EFBC}") = "FinanceManager.Domain", "src\FinanceManager.Domain\FinanceManager.Domain.csproj", "{77BB2E80-A1E1-438E-B3E3-B6A2F6B7090E}"
EndProject
Project("{FAE04EC0-301F-11D3-BF4B-00C04F79EFBC}") = "FinanceManager.Infrastructure", "src\FinanceManager.Infrastructure\FinanceManager.Infrastructure.csproj", "{5BCC33AA-B71A-4697-8034-43DE04F1CFDB}"
EndProject
Project("{2150E333-8FDC-42A3-9474-1A3956D46DE8}") = "tests", "tests", "{0AB3BF05-4346-4AA6-1389-037BE0695223}"
EndProject
Project("{FAE04EC0-301F-11D3-BF4B-00C04F79EFBC}") = "FinanceManager.Domain.Tests", "tests\FinanceManager.Domain.Tests\FinanceManager.Domain.Tests.csproj", "{D777441A-A7BD-41C0-8683-F182EDC3AAEA}"
EndProject
Project("{FAE04EC0-301F-11D3-BF4B-00C04F79EFBC}") = "FinanceManager.Application.Tests", "tests\FinanceManager.Application.Tests\FinanceManager.Application.Tests.csproj", "{3E22DBE3-4136-43BC-998A-97E0DFEB3E07}"
EndProject
Project("{FAE04EC0-301F-11D3-BF4B-00C04F79EFBC}") = "FinanceManager.Infrastructure.Tests", "tests\FinanceManager.Infrastructure.Tests\FinanceManager.Infrastructure.Tests.csproj", "{B4EF496B-38D6-41C1-A2C5-0AEA647F8514}"
EndProject
Project("{FAE04EC0-301F-11D3-BF4B-00C04F79EFBC}") = "FinanceManager.Api.Tests", "tests\FinanceManager.Api.Tests\FinanceManager.Api.Tests.csproj", "{F6837EED-CD15-406E-9251-57D3550C1AED}"
EndProject
Global
	GlobalSection(SolutionConfigurationPlatforms) = preSolution
		Debug|Any CPU = Debug|Any CPU
		Debug|x64 = Debug|x64
		Debug|x86 = Debug|x86
		Release|Any CPU = Release|Any CPU
		Release|x64 = Release|x64
		Release|x86 = Release|x86
	EndGlobalSection
	GlobalSection(ProjectConfigurationPlatforms) = postSolution
		{4CD24056-E98D-4399-B8F9-A143871B5A28}.Debug|Any CPU.ActiveCfg = Debug|Any CPU
		{4CD24056-E98D-4399-B8F9-A143871B5A28}.Debug|Any CPU.Build.0 = Debug|Any CPU
		{4CD24056-E98D-4399-B8F9-A143871B5A28}.Debug|x64.ActiveCfg = Debug|Any CPU
		{4CD24056-E98D-4399-B8F9-A143871B5A28}.Debug|x64.Build.0 = Debug|Any CPU
		{4CD24056-E98D-4399-B8F9-A143871B5A28}.Debug|x86.ActiveCfg = Debug|Any CPU
		{4CD24056-E98D-4399-B8F9-A143871B5A28}.Debug|x86.Build.0 = Debug|Any CPU
		{4CD24056-E98D-4399-B8F9-A143871B5A28}.Release|Any CPU.ActiveCfg = Release|Any CPU
		{4CD24056-E98D-4399-B8F9-A143871B5A28}.Release|Any CPU.Build.0 = Release|Any CPU
		{4CD24056-E98D-4399-B8F9-A143871B5A28}.Release|x64.ActiveCfg = Release|Any CPU
		{4CD24056-E98D-4399-B8F9-A143871B5A28}.Release|x64.Build.0 = Release|Any CPU
		{4CD24056-E98D-4399-B8F9-A143871B5A28}.Release|x86.ActiveCfg = Release|Any CPU
		{4CD24056-E98D-4399-B8F9-A143871B5A28}.Release|x86.Build.0 = Release|Any CPU
		{1DF5AD9D-D86C-4BCE-8EC1-32B987B9080B}.Debug|Any CPU.ActiveCfg = Debug|Any CPU
		{1DF5AD9D-D86C-4BCE-8EC1-32B987B9080B}.Debug|Any CPU.Build.0 = Debug|Any CPU
		{1DF5AD9D-D86C-4BCE-8EC1-32B987B9080B}.Debug|x64.ActiveCfg = Debug|Any CPU
		{1DF5AD9D-D86C-4BCE-8EC1-32B987B9080B}.Debug|x64.Build.0 = Debug|Any CPU
		{1DF5AD9D-D86C-4BCE-8EC1-32B987B9080B}.Debug|x86.ActiveCfg = Debug|Any CPU
		{1DF5AD9D-D86C-4BCE-8EC1-32B987B9080B}.Debug|x86.Build.0 = Debug|Any CPU
		{1DF5AD9D-D86C-4BCE-8EC1-32B987B9080B}.Release|Any CPU.ActiveCfg = Release|Any CPU
		{1DF5AD9D-D86C-4BCE-8EC1-32B987B9080B}.Release|Any CPU.Build.0 = Release|Any CPU
		{1DF5AD9D-D86C-4BCE-8EC1-32B987B9080B}.Release|x64.ActiveCfg = Release|Any CPU
		{1DF5AD9D-D86C-4BCE-8EC1-32B987B9080B}.Release|x64.Build.0 = Release|Any CPU
		{1DF5AD9D-D86C-4BCE-8EC1-32B987B9080B}.Release|x86.ActiveCfg = Release|Any CPU
		{1DF5AD9D-D86C-4BCE-8EC1-32B987B9080B}.Release|x86.Build.0 = Release|Any CPU
		{77BB2E80-A1E1-438E-B3E3-B6A2F6B7090E}.Debug|Any CPU.ActiveCfg = Debug|Any CPU
		{77BB2E80-A1E1-438E-B3E3-B6A2F6B7090E}.Debug|Any CPU.Build.0 = Debug|Any CPU
		{77BB2E80-A1E1-438E-B3E3-B6A2F6B7090E}.Debug|x64.ActiveCfg = Debug|Any CPU
		{77BB2E80-A1E1-438E-B3E3-B6A2F6B7090E}.Debug|x64.Build.0 = Debug|Any CPU
		{77BB2E80-A1E1-438E-B3E3-B6A2F6B7090E}.Debug|x86.ActiveCfg = Debug|Any CPU
		{77BB2E80-A1E1-438E-B3E3-B6A2F6B7090E}.Debug|x86.Build.0 = Debug|Any CPU
		{77BB2E80-A1E1-438E-B3E3-B6A2F6B7090E}.Release|Any CPU.ActiveCfg = Release|Any CPU
		{77BB2E80-A1E1-438E-B3E3-B6A2F6B7090E}.Release|Any CPU.Build.0 = Release|Any CPU
		{77BB2E80-A1E1-438E-B3E3-B6A2F6B7090E}.Release|x64.ActiveCfg = Release|Any CPU
		{77BB2E80-A1E1-438E-B3E3-B6A2F6B7090E}.Release|x64.Build.0 = Release|Any CPU
		{77BB2E80-A1E1-438E-B3E3-B6A2F6B7090E}.Release|x86.ActiveCfg = Release|Any CPU
		{77BB2E80-A1E1-438E-B3E3-B6A2F6B7090E}.Release|x86.Build.0 = Release|Any CPU
		{5BCC33AA-B71A-4697-8034-43DE04F1CFDB}.Debug|Any CPU.ActiveCfg = Debug|Any CPU
		{5BCC33AA-B71A-4697-8034-43DE04F1CFDB}.Debug|Any CPU.Build.0 = Debug|Any CPU
		{5BCC33AA-B71A-4697-8034-43DE04F1CFDB}.Debug|x64.ActiveCfg = Debug|Any CPU
		{5BCC33AA-B71A-4697-8034-43DE04F1CFDB}.Debug|x64.Build.0 = Debug|Any CPU
		{5BCC33AA-B71A-4697-8034-43DE04F1CFDB}.Debug|x86.ActiveCfg = Debug|Any CPU
		{5BCC33AA-B71A-4697-8034-43DE04F1CFDB}.Debug|x86.Build.0 = Debug|Any CPU
		{5BCC33AA-B71A-4697-8034-43DE04F1CFDB}.Release|Any CPU.ActiveCfg = Release|Any CPU
		{5BCC33AA-B71A-4697-8034-43DE04F1CFDB}.Release|Any CPU.Build.0 = Release|Any CPU
		{5BCC33AA-B71A-4697-8034-43DE04F1CFDB}.Release|x64.ActiveCfg = Release|Any CPU
		{5BCC33AA-B71A-4697-8034-43DE04F1CFDB}.Release|x64.Build.0 = Release|Any CPU
		{5BCC33AA-B71A-4697-8034-43DE04F1CFDB}.Release|x86.ActiveCfg = Release|Any CPU
		{5BCC33AA-B71A-4697-8034-43DE04F1CFDB}.Release|x86.Build.0 = Release|Any CPU
		{D777441A-A7BD-41C0-8683-F182EDC3AAEA}.Debug|Any CPU.ActiveCfg = Debug|Any CPU
		{D777441A-A7BD-41C0-8683-F182EDC3AAEA}.Debug|Any CPU.Build.0 = Debug|Any CPU
		{D777441A-A7BD-41C0-8683-F182EDC3AAEA}.Debug|x64.ActiveCfg = Debug|Any CPU
		{D777441A-A7BD-41C0-8683-F182EDC3AAEA}.Debug|x64.Build.0 = Debug|Any CPU
		{D777441A-A7BD-41C0-8683-F182EDC3AAEA}.Debug|x86.ActiveCfg = Debug|Any CPU
		{D777441A-A7BD-41C0-8683-F182EDC3AAEA}.Debug|x86.Build.0 = Debug|Any CPU
		{D777441A-A7BD-41C0-8683-F182EDC3AAEA}.Release|Any CPU.ActiveCfg = Release|Any CPU
		{D777441A-A7BD-41C0-8683-F182EDC3AAEA}.Release|Any CPU.Build.0 = Release|Any CPU
		{D777441A-A7BD-41C0-8683-F182EDC3AAEA}.Release|x64.ActiveCfg = Release|Any CPU
		{D777441A-A7BD-41C0-8683-F182EDC3AAEA}.Release|x64.Build.0 = Release|Any CPU
		{D777441A-A7BD-41C0-8683-F182EDC3AAEA}.Release|x86.ActiveCfg = Release|Any CPU
		{D777441A-A7BD-41C0-8683-F182EDC3AAEA}.Release|x86.Build.0 = Release|Any CPU
		{3E22DBE3-4136-43BC-998A-97E0DFEB3E07}.Debug|Any CPU.ActiveCfg = Debug|Any CPU
		{3E22DBE3-4136-43BC-998A-97E0DFEB3E07}.Debug|Any CPU.Build.0 = Debug|Any CPU
		{3E22DBE3-4136-43BC-998A-97E0DFEB3E07}.Debug|x64.ActiveCfg = Debug|Any CPU
		{3E22DBE3-4136-43BC-998A-97E0DFEB3E07}.Debug|x64.Build.0 = Debug|Any CPU
		{3E22DBE3-4136-43BC-998A-97E0DFEB3E07}.Debug|x86.ActiveCfg = Debug|Any CPU
		{3E22DBE3-4136-43BC-998A-97E0DFEB3E07}.Debug|x86.Build.0 = Debug|Any CPU
		{3E22DBE3-4136-43BC-998A-97E0DFEB3E07}.Release|Any CPU.ActiveCfg = Release|Any CPU
		{3E22DBE3-4136-43BC-998A-97E0DFEB3E07}.Release|Any CPU.Build.0 = Release|Any CPU
		{3E22DBE3-4136-43BC-998A-97E0DFEB3E07}.Release|x64.ActiveCfg = Release|Any CPU
		{3E22DBE3-4136-43BC-998A-97E0DFEB3E07}.Release|x64.Build.0 = Release|Any CPU
		{3E22DBE3-4136-43BC-998A-97E0DFEB3E07}.Release|x86.ActiveCfg = Release|Any CPU
		{3E22DBE3-4136-43BC-998A-97E0DFEB3E07}.Release|x86.Build.0 = Release|Any CPU
		{B4EF496B-38D6-41C1-A2C5-0AEA647F8514}.Debug|Any CPU.ActiveCfg = Debug|Any CPU
		{B4EF496B-38D6-41C1-A2C5-0AEA647F8514}.Debug|Any CPU.Build.0 = Debug|Any CPU
		{B4EF496B-38D6-41C1-A2C5-0AEA647F8514}.Debug|x64.ActiveCfg = Debug|Any CPU
		{B4EF496B-38D6-41C1-A2C5-0AEA647F8514}.Debug|x64.Build.0 = Debug|Any CPU
		{B4EF496B-38D6-41C1-A2C5-0AEA647F8514}.Debug|x86.ActiveCfg = Debug|Any CPU
		{B4EF496B-38D6-41C1-A2C5-0AEA647F8514}.Debug|x86.Build.0 = Debug|Any CPU
		{B4EF496B-38D6-41C1-A2C5-0AEA647F8514}.Release|Any CPU.ActiveCfg = Release|Any CPU
		{B4EF496B-38D6-41C1-A2C5-0AEA647F8514}.Release|Any CPU.Build.0 = Release|Any CPU
		{B4EF496B-38D6-41C1-A2C5-0AEA647F8514}.Release|x64.ActiveCfg = Release|Any CPU
		{B4EF496B-38D6-41C1-A2C5-0AEA647F8514}.Release|x64.Build.0 = Release|Any CPU
		{B4EF496B-38D6-41C1-A2C5-0AEA647F8514}.Release|x86.ActiveCfg = Release|Any CPU
		{B4EF496B-38D6-41C1-A2C5-0AEA647F8514}.Release|x86.Build.0 = Release|Any CPU
		{F6837EED-CD15-406E-9251-57D3550C1AED}.Debug|Any CPU.ActiveCfg = Debug|Any CPU
		{F6837EED-CD15-406E-9251-57D3550C1AED}.Debug|Any CPU.Build.0 = Debug|Any CPU
		{F6837EED-CD15-406E-9251-57D3550C1AED}.Debug|x64.ActiveCfg = Debug|Any CPU
		{F6837EED-CD15-406E-9251-57D3550C1AED}.Debug|x64.Build.0 = Debug|Any CPU
		{F6837EED-CD15-406E-9251-57D3550C1AED}.Debug|x86.ActiveCfg = Debug|Any CPU
		{F6837EED-CD15-406E-9251-57D3550C1AED}.Debug|x86.Build.0 = Debug|Any CPU
		{F6837EED-CD15-406E-9251-57D3550C1AED}.Release|Any CPU.ActiveCfg = Release|Any CPU
		{F6837EED-CD15-406E-9251-57D3550C1AED}.Release|Any CPU.Build.0 = Release|Any CPU
		{F6837EED-CD15-406E-9251-57D3550C1AED}.Release|x64.ActiveCfg = Release|Any CPU
		{F6837EED-CD15-406E-9251-57D3550C1AED}.Release|x64.Build.0 = Release|Any CPU
		{F6837EED-CD15-406E-9251-57D3550C1AED}.Release|x86.ActiveCfg = Release|Any CPU
		{F6837EED-CD15-406E-9251-57D3550C1AED}.Release|x86.Build.0 = Release|Any CPU
	EndGlobalSection
	GlobalSection(SolutionProperties) = preSolution
		HideSolutionNode = FALSE
	EndGlobalSection
	GlobalSection(NestedProjects) = preSolution
		{4CD24056-E98D-4399-B8F9-A143871B5A28} = {827E0CD3-B72D-47B6-A68D-7590B98EB39B}
		{1DF5AD9D-D86C-4BCE-8EC1-32B987B9080B} = {827E0CD3-B72D-47B6-A68D-7590B98EB39B}
		{77BB2E80-A1E1-438E-B3E3-B6A2F6B7090E} = {827E0CD3-B72D-47B6-A68D-7590B98EB39B}
		{5BCC33AA-B71A-4697-8034-43DE04F1CFDB} = {827E0CD3-B72D-47B6-A68D-7590B98EB39B}
		{D777441A-A7BD-41C0-8683-F182EDC3AAEA} = {0AB3BF05-4346-4AA6-1389-037BE0695223}
		{3E22DBE3-4136-43BC-998A-97E0DFEB3E07} = {0AB3BF05-4346-4AA6-1389-037BE0695223}
		{B4EF496B-38D6-41C1-A2C5-0AEA647F8514} = {0AB3BF05-4346-4AA6-1389-037BE0695223}
		{F6837EED-CD15-406E-9251-57D3550C1AED} = {0AB3BF05-4346-4AA6-1389-037BE0695223}
	EndGlobalSection
EndGlobal
